
Microsoft Visual Studio Solution File, Format Version 12.00
# Visual Studio Version 16
VisualStudioVersion = 16.0.30320.27
MinimumVisualStudioVersion = 10.0.40219.1
Project("{9A19103F-16F7-4668-BE54-9A1E7A4F7556}") = "Presents", "Presents.csproj", "{B25DE35D-EA58-4F70-B548-8F5AB421655E}"
EndProject
Global
	GlobalSection(SolutionConfigurationPlatforms) = preSolution
		Debug|Any CPU = Debug|Any CPU
		Release|Any CPU = Release|Any CPU
	EndGlobalSection
	GlobalSection(ProjectConfigurationPlatforms) = postSolution
		{B25DE35D-EA58-4F70-B548-8F5AB421655E}.Debug|Any CPU.ActiveCfg = Debug|Any CPU
		{B25DE35D-EA58-4F70-B548-8F5AB421655E}.Debug|Any CPU.Build.0 = Debug|Any CPU
		{B25DE35D-EA58-4F70-B548-8F5AB421655E}.Release|Any CPU.ActiveCfg = Release|Any CPU
		{B25DE35D-EA58-4F70-B548-8F5AB421655E}.Release|Any CPU.Build.0 = Release|Any CPU
	EndGlobalSection
	GlobalSection(SolutionProperties) = preSolution
		HideSolutionNode = FALSE
	EndGlobalSection
	GlobalSection(ExtensibilityGlobals) = postSolution
		SolutionGuid = {066E2653-EDFB-4A58-A278-8B408D5E7D10}
	EndGlobalSection
EndGlobal
